
Microsoft Visual Studio Solution File, Format Version 12.00
# Visual Studio 15
VisualStudioVersion = 15.0.27004.2002
MinimumVisualStudioVersion = 10.0.40219.1
Project("{888888A0-9F3D-457C-B088-3A5042F75D52}") = "part2", "part2\part2.pyproj", "{1BBFE050-5222-4EB2-9620-BF3ECB411330}"
EndProject
Project("{888888A0-9F3D-457C-B088-3A5042F75D52}") = "part1", "part1\part1.pyproj", "{A7EF1299-8A78-4459-B993-8EC1CFC876FD}"
EndProject
Global
	GlobalSection(SolutionConfigurationPlatforms) = preSolution
		Debug|Any CPU = Debug|Any CPU
		Release|Any CPU = Release|Any CPU
	EndGlobalSection
	GlobalSection(ProjectConfigurationPlatforms) = postSolution
		{1BBFE050-5222-4EB2-9620-BF3ECB411330}.Debug|Any CPU.ActiveCfg = Debug|Any CPU
		{1BBFE050-5222-4EB2-9620-BF3ECB411330}.Release|Any CPU.ActiveCfg = Release|Any CPU
		{A7EF1299-8A78-4459-B993-8EC1CFC876FD}.Debug|Any CPU.ActiveCfg = Debug|Any CPU
		{A7EF1299-8A78-4459-B993-8EC1CFC876FD}.Release|Any CPU.ActiveCfg = Release|Any CPU
	EndGlobalSection
	GlobalSection(SolutionProperties) = preSolution
		HideSolutionNode = FALSE
	EndGlobalSection
	GlobalSection(ExtensibilityGlobals) = postSolution
		SolutionGuid = {A7D3993D-C932-493A-B0F5-89FE1C2148AF}
	EndGlobalSection
EndGlobal
